
Microsoft Visual Studio Solution File, Format Version 12.00
Project("{FAE04EC0-301F-11D3-BF4B-00C04F79EFBC}") = "CalculatorMVVM", "CalculatorMVVM\CalculatorMVVM.csproj", "{AB4C949E-F1C4-416A-B430-CB3C128275FB}"
EndProject
Global
	GlobalSection(SolutionConfigurationPlatforms) = preSolution
		Debug|Any CPU = Debug|Any CPU
		Release|Any CPU = Release|Any CPU
	EndGlobalSection
	GlobalSection(ProjectConfigurationPlatforms) = postSolution
		{AB4C949E-F1C4-416A-B430-CB3C128275FB}.Debug|Any CPU.ActiveCfg = Debug|Any CPU
		{AB4C949E-F1C4-416A-B430-CB3C128275FB}.Debug|Any CPU.Build.0 = Debug|Any CPU
		{AB4C949E-F1C4-416A-B430-CB3C128275FB}.Release|Any CPU.ActiveCfg = Release|Any CPU
		{AB4C949E-F1C4-416A-B430-CB3C128275FB}.Release|Any CPU.Build.0 = Release|Any CPU
	EndGlobalSection
EndGlobal
